
Microsoft Visual Studio Solution File, Format Version 12.00
# Visual Studio Version 17
VisualStudioVersion = 17.8.34330.188
MinimumVisualStudioVersion = 10.0.40219.1
Project("{FAE04EC0-301F-11D3-BF4B-00C04F79EFBC}") = "OOPOnLesson", "OOPOnLesson\OOPOnLesson.csproj", "{BC0B834B-07BC-49AB-B780-427B4036C510}"
EndProject
Global
	GlobalSection(SolutionConfigurationPlatforms) = preSolution
		Debug|Any CPU = Debug|Any CPU
		Release|Any CPU = Release|Any CPU
	EndGlobalSection
	GlobalSection(ProjectConfigurationPlatforms) = postSolution
		{BC0B834B-07BC-49AB-B780-427B4036C510}.Debug|Any CPU.ActiveCfg = Debug|Any CPU
		{BC0B834B-07BC-49AB-B780-427B4036C510}.Debug|Any CPU.Build.0 = Debug|Any CPU
		{BC0B834B-07BC-49AB-B780-427B4036C510}.Release|Any CPU.ActiveCfg = Release|Any CPU
		{BC0B834B-07BC-49AB-B780-427B4036C510}.Release|Any CPU.Build.0 = Release|Any CPU
	EndGlobalSection
	GlobalSection(SolutionProperties) = preSolution
		HideSolutionNode = FALSE
	EndGlobalSection
	GlobalSection(ExtensibilityGlobals) = postSolution
		SolutionGuid = {4D26A5CD-5E84-432A-8922-365F8F30484F}
	EndGlobalSection
EndGlobal
